
Microsoft Visual Studio Solution File, Format Version 12.00
Project("{FAE04EC0-301F-11D3-BF4B-00C04F79EFBC}") = "HeckedV2ToV3", "HeckedV2ToV3\HeckedV2ToV3.csproj", "{E1DE8CBC-6900-45E5-BFA1-A3B00FF0BC20}"
EndProject
Global
	GlobalSection(SolutionConfigurationPlatforms) = preSolution
		Debug|Any CPU = Debug|Any CPU
		Release|Any CPU = Release|Any CPU
	EndGlobalSection
	GlobalSection(ProjectConfigurationPlatforms) = postSolution
		{E1DE8CBC-6900-45E5-BFA1-A3B00FF0BC20}.Debug|Any CPU.ActiveCfg = Debug|Any CPU
		{E1DE8CBC-6900-45E5-BFA1-A3B00FF0BC20}.Debug|Any CPU.Build.0 = Debug|Any CPU
		{E1DE8CBC-6900-45E5-BFA1-A3B00FF0BC20}.Release|Any CPU.ActiveCfg = Release|Any CPU
		{E1DE8CBC-6900-45E5-BFA1-A3B00FF0BC20}.Release|Any CPU.Build.0 = Release|Any CPU
	EndGlobalSection
EndGlobal
